
Microsoft Visual Studio Solution File, Format Version 12.00
# Visual Studio Version 17
VisualStudioVersion = 17.3.32804.467
MinimumVisualStudioVersion = 10.0.40219.1
Project("{FAE04EC0-301F-11D3-BF4B-00C04F79EFBC}") = "braai menu", "Prac5_chaane_26939436\braai menu.csproj", "{15C293B3-8A23-4428-ADB3-03A9CC359C29}"
EndProject
Global
	GlobalSection(SolutionConfigurationPlatforms) = preSolution
		Debug|Any CPU = Debug|Any CPU
		Release|Any CPU = Release|Any CPU
	EndGlobalSection
	GlobalSection(ProjectConfigurationPlatforms) = postSolution
		{15C293B3-8A23-4428-ADB3-03A9CC359C29}.Debug|Any CPU.ActiveCfg = Debug|Any CPU
		{15C293B3-8A23-4428-ADB3-03A9CC359C29}.Debug|Any CPU.Build.0 = Debug|Any CPU
		{15C293B3-8A23-4428-ADB3-03A9CC359C29}.Release|Any CPU.ActiveCfg = Release|Any CPU
		{15C293B3-8A23-4428-ADB3-03A9CC359C29}.Release|Any CPU.Build.0 = Release|Any CPU
	EndGlobalSection
	GlobalSection(SolutionProperties) = preSolution
		HideSolutionNode = FALSE
	EndGlobalSection
	GlobalSection(ExtensibilityGlobals) = postSolution
		SolutionGuid = {902BF461-A9B8-45CA-8464-D4D78F6B0BF3}
	EndGlobalSection
EndGlobal
